
Microsoft Visual Studio Solution File, Format Version 12.00
# Visual Studio Version 16
VisualStudioVersion = 16.0.30413.136
MinimumVisualStudioVersion = 10.0.40219.1
Project("{FAE04EC0-301F-11D3-BF4B-00C04F79EFBC}") = "ConsoleApp1", "ConsoleApp1\ConsoleApp1.csproj", "{E31D5006-D25A-43F5-822B-00AB17AC1ABB}"
EndProject
Global
	GlobalSection(SolutionConfigurationPlatforms) = preSolution
		Debug|Any CPU = Debug|Any CPU
		Release|Any CPU = Release|Any CPU
	EndGlobalSection
	GlobalSection(ProjectConfigurationPlatforms) = postSolution
		{E31D5006-D25A-43F5-822B-00AB17AC1ABB}.Debug|Any CPU.ActiveCfg = Debug|Any CPU
		{E31D5006-D25A-43F5-822B-00AB17AC1ABB}.Debug|Any CPU.Build.0 = Debug|Any CPU
		{E31D5006-D25A-43F5-822B-00AB17AC1ABB}.Release|Any CPU.ActiveCfg = Release|Any CPU
		{E31D5006-D25A-43F5-822B-00AB17AC1ABB}.Release|Any CPU.Build.0 = Release|Any CPU
	EndGlobalSection
	GlobalSection(SolutionProperties) = preSolution
		HideSolutionNode = FALSE
	EndGlobalSection
	GlobalSection(ExtensibilityGlobals) = postSolution
		SolutionGuid = {9C4B546D-DEF7-4F95-AF3A-7FC04D2955FD}
	EndGlobalSection
EndGlobal
